{
  "name": "auth-access-refresh-node",
  "lockfileVersion": 3,
  "requires": true,
  "packages": {
    "": {
      "dependencies": {
        "fast-jwt": "^4.0.3",
        "lru-cache": "^11.0.0"
      }
    },
    "node_modules/@lukeed/ms": {
      "version": "2.0.2",
      "resolved": "https://registry.npmjs.org/@lukeed/ms/-/ms-2.0.2.tgz",
      "integrity": "sha512-9I2Zn6+NJLfaGoz9jN3lpwDgAYvfGeNYdbAIjJOqzs4Tpc+VU3Jqq4IofSUBKajiDS8k9fZIg18/z13mpk1bsA==",
      "engines": {
        "node": ">=8"
      }
    },
    "node_modules/asn1.js": {
      "version": "5.4.1",
      "resolved": "https://registry.npmjs.org/asn1.js/-/asn1.js-5.4.1.tgz",
      "integrity": "sha512-+I//4cYPccV8LdmBLiX8CYvf9Sp3vQsrqu2QNXRcrbiWvcx/UdlFiqUJJzxRQxgsZmvhXhn4cSKeSmoFjVdupA==",
      "dependencies": {
        "bn.js": "^4.0.0",
        "inherits": "^2.0.1",
        "minimalistic-assert": "^1.0.0",
        "safer-buffer": "^2.1.0"
      }
    },
    "node_modules/bn.js": {
      "version": "4.12.0",
      "resolved": "https://registry.npmjs.org/bn.js/-/bn.js-4.12.0.tgz",
      "integrity": "sha512-c98Bf3tPniI+scsdk237ku1Dc3ujXQTSgyiPUDEOe7tRkhrqridvh8klBv0HCEso1OLOYcHuCv/cS6DNxKH+ZA=="
    },
    "node_modules/ecdsa-sig-formatter": {
      "version": "1.0.11",
      "resolved": "https://registry.npmjs.org/ecdsa-sig-formatter/-/ecdsa-sig-formatter-1.0.11.tgz",
      "integrity": "sha512-nagl3RYrbNv6kQkeJIpt6NJZy8twLB/2vtz6yN9Z4vRKHN4/QZJIEbqohALSgwKdnksuY3k5Addp5lg8sVoVcQ==",
      "dependencies": {
        "safe-buffer": "^5.0.1"
      }
    },
    "node_modules/fast-jwt": {
      "version": "4.0.3",
      "resolved": "https://registry.npmjs.org/fast-jwt/-/fast-jwt-4.0.3.tgz",
      "integrity": "sha512-t6mpAYoVV58zAs/0/zgQ0hv4sis9/ea/JchsnrnTtX2MH55B0GMI60x0ESZFP9/fl7xW7cgk+zdpP4C4xTllPQ==",
      "dependencies": {
        "@lukeed/ms": "^2.0.1",
        "asn1.js": "^5.4.1",
        "ecdsa-sig-formatter": "^1.0.11",
        "mnemonist": "^0.39.5"
      },
      "engines": {
        "node": ">=16"
      }
    },
    "node_modules/inherits": {
      "version": "2.0.4",
      "resolved": "https://registry.npmjs.org/inherits/-/inherits-2.0.4.tgz",
      "integrity": "sha512-k/vGaX4/Yla3WzyMCvTQOXYeIHvqOKtnqBduzTHpzpQZzAskKMhZ2K+EnBiSM9zGSoIFeMpXKxa4dYeZIQqewQ=="
    },
    "node_modules/lru-cache": {
      "version": "11.0.0",
      "resolved": "https://registry.npmjs.org/lru-cache/-/lru-cache-11.0.0.tgz",
      "integrity": "sha512-Qv32eSV1RSCfhY3fpPE2GNZ8jgM9X7rdAfemLWqTUxwiyIC4jJ6Sy0fZ8H+oLWevO6i4/bizg7c8d8i6bxrzbA==",
      "engines": {
        "node": "20 || >=22"
      }
    },
    "node_modules/minimalistic-assert": {
      "version": "1.0.1",
      "resolved": "https://registry.npmjs.org/minimalistic-assert/-/minimalistic-assert-1.0.1.tgz",
      "integrity": "sha512-UtJcAD4yEaGtjPezWuO9wC4nwUnVH/8/Im3yEHQP4b67cXlD/Qr9hdITCU1xDbSEXg2XKNaP8jsReV7vQd00/A=="
    },
    "node_modules/mnemonist": {
      "version": "0.39.8",
      "resolved": "https://registry.npmjs.org/mnemonist/-/mnemonist-0.39.8.tgz",
      "integrity": "sha512-vyWo2K3fjrUw8YeeZ1zF0fy6Mu59RHokURlld8ymdUPjMlD9EC9ov1/YPqTgqRvUN9nTr3Gqfz29LYAmu0PHPQ==",
      "dependencies": {
        "obliterator": "^2.0.1"
      }
    },
    "node_modules/obliterator": {
      "version": "2.0.4",
      "resolved": "https://registry.npmjs.org/obliterator/-/obliterator-2.0.4.tgz",
      "integrity": "sha512-lgHwxlxV1qIg1Eap7LgIeoBWIMFibOjbrYPIPJZcI1mmGAI2m3lNYpK12Y+GBdPQ0U1hRwSord7GIaawz962qQ=="
    },
    "node_modules/safe-buffer": {
      "version": "5.2.1",
      "resolved": "https://registry.npmjs.org/safe-buffer/-/safe-buffer-5.2.1.tgz",
      "integrity": "sha512-rp3So07KcdmmKbGvgaNxQSJr7bGVSVk5S9Eq1F+ppbRo70+YeaDxkw5Dd8NPN+GD6bjnYm2VuPuCXmpuYvmCXQ==",
      "funding": [
        {
          "type": "github",
          "url": "https://github.com/sponsors/feross"
        },
        {
          "type": "patreon",
          "url": "https://www.patreon.com/feross"
        },
        {
          "type": "consulting",
          "url": "https://feross.org/support"
        }
      ]
    },
    "node_modules/safer-buffer": {
      "version": "2.1.2",
      "resolved": "https://registry.npmjs.org/safer-buffer/-/safer-buffer-2.1.2.tgz",
      "integrity": "sha512-YZo3K82SD7Riyi0E1EQPojLz7kpepnSQI9IyPbHHg1XXXevb5dJI7tpyN2ADxGcQbHG7vcyRHk0cbwqcQriUtg=="
    }
  }
}
